{
  "originHash" : "f8a0db239c6de4472428fbeb321c7ff5b436762d439ad53f723aadd3e23e5cb2",
  "pins" : [
    {
      "identity" : "stripe-ios",
      "kind" : "remoteSourceControl",
      "location" : "https://github.com/stripe/stripe-ios",
      "state" : {
        "revision" : "9937dc7b89c62e7400e602fd61677f6ebb481c17",
        "version" : "25.6.0"
      }
    }
  ],
  "version" : 3
}
